
Microsoft Visual Studio Solution File, Format Version 12.00
# Visual Studio Version 17
VisualStudioVersion = 17.7.34031.279
MinimumVisualStudioVersion = 10.0.40219.1
Project("{F184B08F-C81C-45F6-A57F-5ABD9991F28F}") = "IP Ping Tools", "IP Ping Tools.vbproj", "{84705AA3-0B33-4AB0-A063-7BFB5525D6F6}"
EndProject
Global
	GlobalSection(SolutionConfigurationPlatforms) = preSolution
		Debug|Any CPU = Debug|Any CPU
		Release|Any CPU = Release|Any CPU
	EndGlobalSection
	GlobalSection(ProjectConfigurationPlatforms) = postSolution
		{84705AA3-0B33-4AB0-A063-7BFB5525D6F6}.Debug|Any CPU.ActiveCfg = Debug|Any CPU
		{84705AA3-0B33-4AB0-A063-7BFB5525D6F6}.Debug|Any CPU.Build.0 = Debug|Any CPU
		{84705AA3-0B33-4AB0-A063-7BFB5525D6F6}.Release|Any CPU.ActiveCfg = Release|Any CPU
		{84705AA3-0B33-4AB0-A063-7BFB5525D6F6}.Release|Any CPU.Build.0 = Release|Any CPU
	EndGlobalSection
	GlobalSection(SolutionProperties) = preSolution
		HideSolutionNode = FALSE
	EndGlobalSection
	GlobalSection(ExtensibilityGlobals) = postSolution
		SolutionGuid = {42DFFEDD-A14B-4683-84D0-DDC063C54283}
	EndGlobalSection
EndGlobal
